
Microsoft Visual Studio Solution File, Format Version 12.00
# Visual Studio 15
VisualStudioVersion = 15.0.27130.2010
MinimumVisualStudioVersion = 10.0.40219.1
Project("{FAE04EC0-301F-11D3-BF4B-00C04F79EFBC}") = "QoL", "QoL/QoL.csproj", "{F039FA1D-A12D-4672-BF0A-60CF7900EE21}"
EndProject
Global
	GlobalSection(SolutionConfigurationPlatforms) = preSolution
		Debug|Any CPU = Debug|Any CPU
		Release|Any CPU = Release|Any CPU
	EndGlobalSection
	GlobalSection(ProjectConfigurationPlatforms) = postSolution
		{F039FA1D-A12D-4672-BF0A-60CF7900EE21}.Debug|Any CPU.ActiveCfg = Debug|Any CPU
		{F039FA1D-A12D-4672-BF0A-60CF7900EE21}.Debug|Any CPU.Build.0 = Debug|Any CPU
		{F039FA1D-A12D-4672-BF0A-60CF7900EE21}.Release|Any CPU.ActiveCfg = Release|Any CPU
		{F039FA1D-A12D-4672-BF0A-60CF7900EE21}.Release|Any CPU.Build.0 = Release|Any CPU
	EndGlobalSection
	GlobalSection(SolutionProperties) = preSolution
		HideSolutionNode = FALSE
	EndGlobalSection
	GlobalSection(ExtensibilityGlobals) = postSolution
		SolutionGuid = {527880CA-D3CC-4DD5-8CF2-13CE5D936D77}
	EndGlobalSection
EndGlobal
